
Microsoft Visual Studio Solution File, Format Version 12.00
# Visual Studio Version 17
VisualStudioVersion = 17.3.32922.545
MinimumVisualStudioVersion = 10.0.40219.1
Project("{9A19103F-16F7-4668-BE54-9A1E7A4F7556}") = "Manager.WebApp", "Manager.WebApp\Manager.WebApp.csproj", "{85B765CB-04A1-46D7-889A-7F2704FE6759}"
EndProject
Project("{9A19103F-16F7-4668-BE54-9A1E7A4F7556}") = "Manager.DataLayer", "Manager.Datalayer\Manager.DataLayer.csproj", "{AD6296C8-60B9-4EEB-A7E9-C1F5D00A6833}"
EndProject
Project("{9A19103F-16F7-4668-BE54-9A1E7A4F7556}") = "Manager.SharedLibs", "Manager.SharedLibs\Manager.SharedLibs.csproj", "{412D4876-86B7-4BA0-BD2C-54697EA3B7C6}"
EndProject
Global
	GlobalSection(SolutionConfigurationPlatforms) = preSolution
		Debug|Any CPU = Debug|Any CPU
		Release|Any CPU = Release|Any CPU
	EndGlobalSection
	GlobalSection(ProjectConfigurationPlatforms) = postSolution
		{85B765CB-04A1-46D7-889A-7F2704FE6759}.Debug|Any CPU.ActiveCfg = Debug|Any CPU
		{85B765CB-04A1-46D7-889A-7F2704FE6759}.Debug|Any CPU.Build.0 = Debug|Any CPU
		{85B765CB-04A1-46D7-889A-7F2704FE6759}.Release|Any CPU.ActiveCfg = Release|Any CPU
		{85B765CB-04A1-46D7-889A-7F2704FE6759}.Release|Any CPU.Build.0 = Release|Any CPU
		{AD6296C8-60B9-4EEB-A7E9-C1F5D00A6833}.Debug|Any CPU.ActiveCfg = Debug|Any CPU
		{AD6296C8-60B9-4EEB-A7E9-C1F5D00A6833}.Debug|Any CPU.Build.0 = Debug|Any CPU
		{AD6296C8-60B9-4EEB-A7E9-C1F5D00A6833}.Release|Any CPU.ActiveCfg = Release|Any CPU
		{AD6296C8-60B9-4EEB-A7E9-C1F5D00A6833}.Release|Any CPU.Build.0 = Release|Any CPU
		{412D4876-86B7-4BA0-BD2C-54697EA3B7C6}.Debug|Any CPU.ActiveCfg = Debug|Any CPU
		{412D4876-86B7-4BA0-BD2C-54697EA3B7C6}.Debug|Any CPU.Build.0 = Debug|Any CPU
		{412D4876-86B7-4BA0-BD2C-54697EA3B7C6}.Release|Any CPU.ActiveCfg = Release|Any CPU
		{412D4876-86B7-4BA0-BD2C-54697EA3B7C6}.Release|Any CPU.Build.0 = Release|Any CPU
	EndGlobalSection
	GlobalSection(SolutionProperties) = preSolution
		HideSolutionNode = FALSE
	EndGlobalSection
	GlobalSection(ExtensibilityGlobals) = postSolution
		SolutionGuid = {8984D338-F74F-439C-A179-C24C4FE9394E}
	EndGlobalSection
EndGlobal
